{
  "requires": true,
  "lockfileVersion": 1,
  "dependencies": {
    "lodash": {
      "version": "4.17.15",
      "resolved": "https://registry.npmjs.org/lodash/-/lodash-4.17.15.tgz",
      "integrity": "sha512-8xOcRHvCjnocdS5cpwXQXVzmmh5e5+saE2QGoeQmbKmRS6J3VQppPOIt0MnmE+4xlZoumy0GPG0D0MVIQbNA1A=="
    },
    "taro-navigationbar": {
      "version": "2.0.3",
      "resolved": "https://registry.npmjs.org/taro-navigationbar/-/taro-navigationbar-2.0.3.tgz",
      "integrity": "sha512-6QWSo+JLZPnDD+aDAWrPoQdhzm4O6lqiAmhAVJzoQYDA+HvjdNh6jskKKC9NdqWx66Gr1SzpmKzEvX9wo0CDGA==",
      "requires": {
        "lodash": "^4.17.15"
      }
    }
  }
}
